// !$*UTF8*$!
{
	archiveVersion = 1;
	classes = {
	};
	objectVersion = 48;
	objects = {

/* Begin PBXBuildFile section */
		084CAF16C4C90377C974724C /* Pods_Todey.framework in Frameworks */ = {isa = PBXBuildFile; fileRef = 4CE27E8DA36D670E5C2E7A8E /* Pods_Todey.framework */; };
		C9492ED72052B76C00AD6451 /* AppDelegate.swift in Sources */ = {isa = PBXBuildFile; fileRef = C9492ED62052B76C00AD6451 /* AppDelegate.swift */; };
		C9492ED92052B76C00AD6451 /* TodoeyListViewController.swift in Sources */ = {isa = PBXBuildFile; fileRef = C9492ED82052B76C00AD6451 /* TodoeyListViewController.swift */; };
		C9492EDC2052B76C00AD6451 /* Main.storyboard in Resources */ = {isa = PBXBuildFile; fileRef = C9492EDA2052B76C00AD6451 /* Main.storyboard */; };
		C9492EDE2052B76C00AD6451 /* Assets.xcassets in Resources */ = {isa = PBXBuildFile; fileRef = C9492EDD2052B76C00AD6451 /* Assets.xcassets */; };
		C9492EE12052B76C00AD6451 /* LaunchScreen.storyboard in Resources */ = {isa = PBXBuildFile; fileRef = C9492EDF2052B76C00AD6451 /* LaunchScreen.storyboard */; };
		C96E6E05205305CE007EDF30 /* CategoryViewController.swift in Sources */ = {isa = PBXBuildFile; fileRef = C96E6E04205305CE007EDF30 /* CategoryViewController.swift */; };
		C970F92E2053E3ED000A4415 /* Item.swift in Sources */ = {isa = PBXBuildFile; fileRef = C970F92D2053E3ED000A4415 /* Item.swift */; };
		C970F9302053E3F7000A4415 /* Category.swift in Sources */ = {isa = PBXBuildFile; fileRef = C970F92F2053E3F7000A4415 /* Category.swift */; };
/* End PBXBuildFile section */

/* Begin PBXFileReference section */
		23C71C2AE93A752A0EC1E76C /* Pods-Todey.release.xcconfig */ = {isa = PBXFileReference; includeInIndex = 1; lastKnownFileType = text.xcconfig; name = "Pods-Todey.release.xcconfig"; path = "Pods/Target Support Files/Pods-Todey/Pods-Todey.release.xcconfig"; sourceTree = "<group>"; };
		4AF8FD71F77D735AD476F4D4 /* Pods-Todey.debug.xcconfig */ = {isa = PBXFileReference; includeInIndex = 1; lastKnownFileType = text.xcconfig; name = "Pods-Todey.debug.xcconfig"; path = "Pods/Target Support Files/Pods-Todey/Pods-Todey.debug.xcconfig"; sourceTree = "<group>"; };
		4CE27E8DA36D670E5C2E7A8E /* Pods_Todey.framework */ = {isa = PBXFileReference; explicitFileType = wrapper.framework; includeInIndex = 0; path = Pods_Todey.framework; sourceTree = BUILT_PRODUCTS_DIR; };
		C9492ED32052B76B00AD6451 /* Todey.app */ = {isa = PBXFileReference; explicitFileType = wrapper.application; includeInIndex = 0; path = Todey.app; sourceTree = BUILT_PRODUCTS_DIR; };
		C9492ED62052B76C00AD6451 /* AppDelegate.swift */ = {isa = PBXFileReference; lastKnownFileType = sourcecode.swift; path = AppDelegate.swift; sourceTree = "<group>"; };
		C9492ED82052B76C00AD6451 /* TodoeyListViewController.swift */ = {isa = PBXFileReference; lastKnownFileType = sourcecode.swift; path = TodoeyListViewController.swift; sourceTree = "<group>"; };
		C9492EDB2052B76C00AD6451 /* Base */ = {isa = PBXFileReference; lastKnownFileType = file.storyboard; name = Base; path = Base.lproj/Main.storyboard; sourceTree = "<group>"; };
		C9492EDD2052B76C00AD6451 /* Assets.xcassets */ = {isa = PBXFileReference; lastKnownFileType = folder.assetcatalog; path = Assets.xcassets; sourceTree = "<group>"; };
		C9492EE02052B76C00AD6451 /* Base */ = {isa = PBXFileReference; lastKnownFileType = file.storyboard; name = Base; path = Base.lproj/LaunchScreen.storyboard; sourceTree = "<group>"; };
		C9492EE22052B76C00AD6451 /* Info.plist */ = {isa = PBXFileReference; lastKnownFileType = text.plist.xml; path = Info.plist; sourceTree = "<group>"; };
		C96E6E04205305CE007EDF30 /* CategoryViewController.swift */ = {isa = PBXFileReference; lastKnownFileType = sourcecode.swift; path = CategoryViewController.swift; sourceTree = "<group>"; };
		C970F92D2053E3ED000A4415 /* Item.swift */ = {isa = PBXFileReference; lastKnownFileType = sourcecode.swift; path = Item.swift; sourceTree = "<group>"; };
		C970F92F2053E3F7000A4415 /* Category.swift */ = {isa = PBXFileReference; lastKnownFileType = sourcecode.swift; path = Category.swift; sourceTree = "<group>"; };
/* End PBXFileReference section */

/* Begin PBXFrameworksBuildPhase section */
		C9492ED02052B76B00AD6451 /* Frameworks */ = {
			isa = PBXFrameworksBuildPhase;
			buildActionMask = 2147483647;
			files = (
				084CAF16C4C90377C974724C /* Pods_Todey.framework in Frameworks */,
			);
			runOnlyForDeploymentPostprocessing = 0;
		};
/* End PBXFrameworksBuildPhase section */

/* Begin PBXGroup section */
		64542F75337C16EEAC272600 /* Pods */ = {
			isa = PBXGroup;
			children = (
				4AF8FD71F77D735AD476F4D4 /* Pods-Todey.debug.xcconfig */,
				23C71C2AE93A752A0EC1E76C /* Pods-Todey.release.xcconfig */,
			);
			name = Pods;
			sourceTree = "<group>";
		};
		C9492ECA2052B76B00AD6451 = {
			isa = PBXGroup;
			children = (
				C9492ED52052B76B00AD6451 /* Todey */,
				C9492ED42052B76B00AD6451 /* Products */,
				64542F75337C16EEAC272600 /* Pods */,
				DAE00D225684A55D2D775895 /* Frameworks */,
			);
			sourceTree = "<group>";
		};
		C9492ED42052B76B00AD6451 /* Products */ = {
			isa = PBXGroup;
			children = (
				C9492ED32052B76B00AD6451 /* Todey.app */,
			);
			name = Products;
			sourceTree = "<group>";
		};
		C9492ED52052B76B00AD6451 /* Todey */ = {
			isa = PBXGroup;
			children = (
				C9492ED62052B76C00AD6451 /* AppDelegate.swift */,
				C9492EEB2052C59D00AD6451 /* Controllers */,
				C9492EEA2052C58A00AD6451 /* Data Model */,
				C9492EEC2052C5A800AD6451 /* Views */,
				C9492EED2052C5B200AD6451 /* Supporting Files */,
				C9492EE22052B76C00AD6451 /* Info.plist */,
			);
			path = Todey;
			sourceTree = "<group>";
		};
		C9492EEA2052C58A00AD6451 /* Data Model */ = {
			isa = PBXGroup;
			children = (
				C970F92F2053E3F7000A4415 /* Category.swift */,
				C970F92D2053E3ED000A4415 /* Item.swift */,
			);
			path = "Data Model";
			sourceTree = "<group>";
		};
		C9492EEB2052C59D00AD6451 /* Controllers */ = {
			isa = PBXGroup;
			children = (
				C96E6E04205305CE007EDF30 /* CategoryViewController.swift */,
				C9492ED82052B76C00AD6451 /* TodoeyListViewController.swift */,
			);
			path = Controllers;
			sourceTree = "<group>";
		};
		C9492EEC2052C5A800AD6451 /* Views */ = {
			isa = PBXGroup;
			children = (
				C9492EDA2052B76C00AD6451 /* Main.storyboard */,
			);
			path = Views;
			sourceTree = "<group>";
		};
		C9492EED2052C5B200AD6451 /* Supporting Files */ = {
			isa = PBXGroup;
			children = (
				C9492EDD2052B76C00AD6451 /* Assets.xcassets */,
				C9492EDF2052B76C00AD6451 /* LaunchScreen.storyboard */,
			);
			path = "Supporting Files";
			sourceTree = "<group>";
		};
		DAE00D225684A55D2D775895 /* Frameworks */ = {
			isa = PBXGroup;
			children = (
				4CE27E8DA36D670E5C2E7A8E /* Pods_Todey.framework */,
			);
			name = Frameworks;
			sourceTree = "<group>";
		};
/* End PBXGroup section */

/* Begin PBXNativeTarget section */
		C9492ED22052B76B00AD6451 /* Todey */ = {
			isa = PBXNativeTarget;
			buildConfigurationList = C9492EE52052B76C00AD6451 /* Build configuration list for PBXNativeTarget "Todey" */;
			buildPhases = (
				4C75E79E054AC7ABA20B1456 /* [CP] Check Pods Manifest.lock */,
				C9492ECF2052B76B00AD6451 /* Sources */,
				C9492ED02052B76B00AD6451 /* Frameworks */,
				C9492ED12052B76B00AD6451 /* Resources */,
				053F3844E38C70B26321A198 /* [CP] Embed Pods Frameworks */,
				03C31663F0D8071DBDC7CF18 /* [CP] Copy Pods Resources */,
			);
			buildRules = (
			);
			dependencies = (
			);
			name = Todey;
			productName = Todey;
			productReference = C9492ED32052B76B00AD6451 /* Todey.app */;
			productType = "com.apple.product-type.application";
		};
/* End PBXNativeTarget section */

/* Begin PBXProject section */
		C9492ECB2052B76B00AD6451 /* Project object */ = {
			isa = PBXProject;
			attributes = {
				LastSwiftUpdateCheck = 0920;
				LastUpgradeCheck = 0920;
				ORGANIZATIONNAME = "Jacopo Dessì";
				TargetAttributes = {
					C9492ED22052B76B00AD6451 = {
						CreatedOnToolsVersion = 9.2;
						ProvisioningStyle = Automatic;
					};
				};
			};
			buildConfigurationList = C9492ECE2052B76B00AD6451 /* Build configuration list for PBXProject "Todey" */;
			compatibilityVersion = "Xcode 8.0";
			developmentRegion = en;
			hasScannedForEncodings = 0;
			knownRegions = (
				en,
				Base,
			);
			mainGroup = C9492ECA2052B76B00AD6451;
			productRefGroup = C9492ED42052B76B00AD6451 /* Products */;
			projectDirPath = "";
			projectRoot = "";
			targets = (
				C9492ED22052B76B00AD6451 /* Todey */,
			);
		};
/* End PBXProject section */

/* Begin PBXResourcesBuildPhase section */
		C9492ED12052B76B00AD6451 /* Resources */ = {
			isa = PBXResourcesBuildPhase;
			buildActionMask = 2147483647;
			files = (
				C9492EE12052B76C00AD6451 /* LaunchScreen.storyboard in Resources */,
				C9492EDE2052B76C00AD6451 /* Assets.xcassets in Resources */,
				C9492EDC2052B76C00AD6451 /* Main.storyboard in Resources */,
			);
			runOnlyForDeploymentPostprocessing = 0;
		};
/* End PBXResourcesBuildPhase section */

/* Begin PBXShellScriptBuildPhase section */
		03C31663F0D8071DBDC7CF18 /* [CP] Copy Pods Resources */ = {
			isa = PBXShellScriptBuildPhase;
			buildActionMask = 2147483647;
			files = (
			);
			inputPaths = (
			);
			name = "[CP] Copy Pods Resources";
			outputPaths = (
			);
			runOnlyForDeploymentPostprocessing = 0;
			shellPath = /bin/sh;
			shellScript = "\"${SRCROOT}/Pods/Target Support Files/Pods-Todey/Pods-Todey-resources.sh\"\n";
			showEnvVarsInLog = 0;
		};
		053F3844E38C70B26321A198 /* [CP] Embed Pods Frameworks */ = {
			isa = PBXShellScriptBuildPhase;
			buildActionMask = 2147483647;
			files = (
			);
			inputPaths = (
				"${SRCROOT}/Pods/Target Support Files/Pods-Todey/Pods-Todey-frameworks.sh",
				"${BUILT_PRODUCTS_DIR}/Realm/Realm.framework",
				"${BUILT_PRODUCTS_DIR}/RealmSwift/RealmSwift.framework",
			);
			name = "[CP] Embed Pods Frameworks";
			outputPaths = (
				"${TARGET_BUILD_DIR}/${FRAMEWORKS_FOLDER_PATH}/Realm.framework",
				"${TARGET_BUILD_DIR}/${FRAMEWORKS_FOLDER_PATH}/RealmSwift.framework",
			);
			runOnlyForDeploymentPostprocessing = 0;
			shellPath = /bin/sh;
			shellScript = "\"${SRCROOT}/Pods/Target Support Files/Pods-Todey/Pods-Todey-frameworks.sh\"\n";
			showEnvVarsInLog = 0;
		};
		4C75E79E054AC7ABA20B1456 /* [CP] Check Pods Manifest.lock */ = {
			isa = PBXShellScriptBuildPhase;
			buildActionMask = 2147483647;
			files = (
			);
			inputPaths = (
				"${PODS_PODFILE_DIR_PATH}/Podfile.lock",
				"${PODS_ROOT}/Manifest.lock",
			);
			name = "[CP] Check Pods Manifest.lock";
			outputPaths = (
				"$(DERIVED_FILE_DIR)/Pods-Todey-checkManifestLockResult.txt",
			);
			runOnlyForDeploymentPostprocessing = 0;
			shellPath = /bin/sh;
			shellScript = "diff \"${PODS_PODFILE_DIR_PATH}/Podfile.lock\" \"${PODS_ROOT}/Manifest.lock\" > /dev/null\nif [ $? != 0 ] ; then\n    # print error to STDERR\n    echo \"error: The sandbox is not in sync with the Podfile.lock. Run 'pod install' or update your CocoaPods installation.\" >&2\n    exit 1\nfi\n# This output is used by Xcode 'outputs' to avoid re-running this script phase.\necho \"SUCCESS\" > \"${SCRIPT_OUTPUT_FILE_0}\"\n";
			showEnvVarsInLog = 0;
		};
/* End PBXShellScriptBuildPhase section */

/* Begin PBXSourcesBuildPhase section */
		C9492ECF2052B76B00AD6451 /* Sources */ = {
			isa = PBXSourcesBuildPhase;
			buildActionMask = 2147483647;
			files = (
				C970F92E2053E3ED000A4415 /* Item.swift in Sources */,
				C96E6E05205305CE007EDF30 /* CategoryViewController.swift in Sources */,
				C9492ED92052B76C00AD6451 /* TodoeyListViewController.swift in Sources */,
				C9492ED72052B76C00AD6451 /* AppDelegate.swift in Sources */,
				C970F9302053E3F7000A4415 /* Category.swift in Sources */,
			);
			runOnlyForDeploymentPostprocessing = 0;
		};
/* End PBXSourcesBuildPhase section */

/* Begin PBXVariantGroup section */
		C9492EDA2052B76C00AD6451 /* Main.storyboard */ = {
			isa = PBXVariantGroup;
			children = (
				C9492EDB2052B76C00AD6451 /* Base */,
			);
			name = Main.storyboard;
			sourceTree = "<group>";
		};
		C9492EDF2052B76C00AD6451 /* LaunchScreen.storyboard */ = {
			isa = PBXVariantGroup;
			children = (
				C9492EE02052B76C00AD6451 /* Base */,
			);
			name = LaunchScreen.storyboard;
			sourceTree = "<group>";
		};
/* End PBXVariantGroup section */

/* Begin XCBuildConfiguration section */
		C9492EE32052B76C00AD6451 /* Debug */ = {
			isa = XCBuildConfiguration;
			buildSettings = {
				ALWAYS_SEARCH_USER_PATHS = NO;
				CLANG_ANALYZER_NONNULL = YES;
				CLANG_ANALYZER_NUMBER_OBJECT_CONVERSION = YES_AGGRESSIVE;
				CLANG_CXX_LANGUAGE_STANDARD = "gnu++14";
				CLANG_CXX_LIBRARY = "libc++";
				CLANG_ENABLE_MODULES = YES;
				CLANG_ENABLE_OBJC_ARC = YES;
				CLANG_WARN_BLOCK_CAPTURE_AUTORELEASING = YES;
				CLANG_WARN_BOOL_CONVERSION = YES;
				CLANG_WARN_COMMA = YES;
				CLANG_WARN_CONSTANT_CONVERSION = YES;
				CLANG_WARN_DIRECT_OBJC_ISA_USAGE = YES_ERROR;
				CLANG_WARN_DOCUMENTATION_COMMENTS = YES;
				CLANG_WARN_EMPTY_BODY = YES;
				CLANG_WARN_ENUM_CONVERSION = YES;
				CLANG_WARN_INFINITE_RECURSION = YES;
				CLANG_WARN_INT_CONVERSION = YES;
				CLANG_WARN_NON_LITERAL_NULL_CONVERSION = YES;
				CLANG_WARN_OBJC_LITERAL_CONVERSION = YES;
				CLANG_WARN_OBJC_ROOT_CLASS = YES_ERROR;
				CLANG_WARN_RANGE_LOOP_ANALYSIS = YES;
				CLANG_WARN_STRICT_PROTOTYPES = YES;
				CLANG_WARN_SUSPICIOUS_MOVE = YES;
				CLANG_WARN_UNGUARDED_AVAILABILITY = YES_AGGRESSIVE;
				CLANG_WARN_UNREACHABLE_CODE = YES;
				CLANG_WARN__DUPLICATE_METHOD_MATCH = YES;
				CODE_SIGN_IDENTITY = "iPhone Developer";
				COPY_PHASE_STRIP = NO;
				DEBUG_INFORMATION_FORMAT = dwarf;
				ENABLE_STRICT_OBJC_MSGSEND = YES;
				ENABLE_TESTABILITY = YES;
				GCC_C_LANGUAGE_STANDARD = gnu11;
				GCC_DYNAMIC_NO_PIC = NO;
				GCC_NO_COMMON_BLOCKS = YES;
				GCC_OPTIMIZATION_LEVEL = 0;
				GCC_PREPROCESSOR_DEFINITIONS = (
					"DEBUG=1",
					"$(inherited)",
				);
				GCC_WARN_64_TO_32_BIT_CONVERSION = YES;
				GCC_WARN_ABOUT_RETURN_TYPE = YES_ERROR;
				GCC_WARN_UNDECLARED_SELECTOR = YES;
				GCC_WARN_UNINITIALIZED_AUTOS = YES_AGGRESSIVE;
				GCC_WARN_UNUSED_FUNCTION = YES;
				GCC_WARN_UNUSED_VARIABLE = YES;
				IPHONEOS_DEPLOYMENT_TARGET = 11.2;
				MTL_ENABLE_DEBUG_INFO = YES;
				ONLY_ACTIVE_ARCH = YES;
				SDKROOT = iphoneos;
				SWIFT_ACTIVE_COMPILATION_CONDITIONS = DEBUG;
				SWIFT_OPTIMIZATION_LEVEL = "-Onone";
			};
			name = Debug;
		};
		C9492EE42052B76C00AD6451 /* Release */ = {
			isa = XCBuildConfiguration;
			buildSettings = {
				ALWAYS_SEARCH_USER_PATHS = NO;
				CLANG_ANALYZER_NONNULL = YES;
				CLANG_ANALYZER_NUMBER_OBJECT_CONVERSION = YES_AGGRESSIVE;
				CLANG_CXX_LANGUAGE_STANDARD = "gnu++14";
				CLANG_CXX_LIBRARY = "libc++";
				CLANG_ENABLE_MODULES = YES;
				CLANG_ENABLE_OBJC_ARC = YES;
				CLANG_WARN_BLOCK_CAPTURE_AUTORELEASING = YES;
				CLANG_WARN_BOOL_CONVERSION = YES;
				CLANG_WARN_COMMA = YES;
				CLANG_WARN_CONSTANT_CONVERSION = YES;
				CLANG_WARN_DIRECT_OBJC_ISA_USAGE = YES_ERROR;
				CLANG_WARN_DOCUMENTATION_COMMENTS = YES;
				CLANG_WARN_EMPTY_BODY = YES;
				CLANG_WARN_ENUM_CONVERSION = YES;
				CLANG_WARN_INFINITE_RECURSION = YES;
				CLANG_WARN_INT_CONVERSION = YES;
				CLANG_WARN_NON_LITERAL_NULL_CONVERSION = YES;
				CLANG_WARN_OBJC_LITERAL_CONVERSION = YES;
				CLANG_WARN_OBJC_ROOT_CLASS = YES_ERROR;
				CLANG_WARN_RANGE_LOOP_ANALYSIS = YES;
				CLANG_WARN_STRICT_PROTOTYPES = YES;
				CLANG_WARN_SUSPICIOUS_MOVE = YES;
				CLANG_WARN_UNGUARDED_AVAILABILITY = YES_AGGRESSIVE;
				CLANG_WARN_UNREACHABLE_CODE = YES;
				CLANG_WARN__DUPLICATE_METHOD_MATCH = YES;
				CODE_SIGN_IDENTITY = "iPhone Developer";
				COPY_PHASE_STRIP = NO;
				DEBUG_INFORMATION_FORMAT = "dwarf-with-dsym";
				ENABLE_NS_ASSERTIONS = NO;
				ENABLE_STRICT_OBJC_MSGSEND = YES;
				GCC_C_LANGUAGE_STANDARD = gnu11;
				GCC_NO_COMMON_BLOCKS = YES;
				GCC_WARN_64_TO_32_BIT_CONVERSION = YES;
				GCC_WARN_ABOUT_RETURN_TYPE = YES_ERROR;
				GCC_WARN_UNDECLARED_SELECTOR = YES;
				GCC_WARN_UNINITIALIZED_AUTOS = YES_AGGRESSIVE;
				GCC_WARN_UNUSED_FUNCTION = YES;
				GCC_WARN_UNUSED_VARIABLE = YES;
				IPHONEOS_DEPLOYMENT_TARGET = 11.2;
				MTL_ENABLE_DEBUG_INFO = NO;
				SDKROOT = iphoneos;
				SWIFT_OPTIMIZATION_LEVEL = "-Owholemodule";
				VALIDATE_PRODUCT = YES;
			};
			name = Release;
		};
		C9492EE62052B76C00AD6451 /* Debug */ = {
			isa = XCBuildConfiguration;
			baseConfigurationReference = 4AF8FD71F77D735AD476F4D4 /* Pods-Todey.debug.xcconfig */;
			buildSettings = {
				ASSETCATALOG_COMPILER_APPICON_NAME = AppIcon;
				CODE_SIGN_STYLE = Automatic;
				INFOPLIST_FILE = Todey/Info.plist;
				LD_RUNPATH_SEARCH_PATHS = "$(inherited) @executable_path/Frameworks";
				PRODUCT_BUNDLE_IDENTIFIER = com.jacopodessi.Todey;
				PRODUCT_NAME = "$(TARGET_NAME)";
				SWIFT_VERSION = 4.0;
				TARGETED_DEVICE_FAMILY = "1,2";
			};
			name = Debug;
		};
		C9492EE72052B76C00AD6451 /* Release */ = {
			isa = XCBuildConfiguration;
			baseConfigurationReference = 23C71C2AE93A752A0EC1E76C /* Pods-Todey.release.xcconfig */;
			buildSettings = {
				ASSETCATALOG_COMPILER_APPICON_NAME = AppIcon;
				CODE_SIGN_STYLE = Automatic;
				INFOPLIST_FILE = Todey/Info.plist;
				LD_RUNPATH_SEARCH_PATHS = "$(inherited) @executable_path/Frameworks";
				PRODUCT_BUNDLE_IDENTIFIER = com.jacopodessi.Todey;
				PRODUCT_NAME = "$(TARGET_NAME)";
				SWIFT_VERSION = 4.0;
				TARGETED_DEVICE_FAMILY = "1,2";
			};
			name = Release;
		};
/* End XCBuildConfiguration section */

/* Begin XCConfigurationList section */
		C9492ECE2052B76B00AD6451 /* Build configuration list for PBXProject "Todey" */ = {
			isa = XCConfigurationList;
			buildConfigurations = (
				C9492EE32052B76C00AD6451 /* Debug */,
				C9492EE42052B76C00AD6451 /* Release */,
			);
			defaultConfigurationIsVisible = 0;
			defaultConfigurationName = Release;
		};
		C9492EE52052B76C00AD6451 /* Build configuration list for PBXNativeTarget "Todey" */ = {
			isa = XCConfigurationList;
			buildConfigurations = (
				C9492EE62052B76C00AD6451 /* Debug */,
				C9492EE72052B76C00AD6451 /* Release */,
			);
			defaultConfigurationIsVisible = 0;
			defaultConfigurationName = Release;
		};
/* End XCConfigurationList section */
	};
	rootObject = C9492ECB2052B76B00AD6451 /* Project object */;
}
